PODS:
  - McccNotify (1.0.2):
    - McccNotify/Log (= 1.0.2)
    - McccNotify/Send (= 1.0.2)
    - McccNotify/Service (= 1.0.2)
  - McccNotify/Log (1.0.2)
  - McccNotify/Send (1.0.2):
    - McccNotify/Log
  - McccNotify/Service (1.0.2):
    - McccNotify/Log
  - SnapKit (5.7.1)

DEPENDENCIES:
  - McccNotify (from `../`)
  - McccNotify/Service (from `../`)
  - SnapKit

SPEC REPOS:
  trunk:
    - SnapKit

EXTERNAL SOURCES:
  McccNotify:
    :path: "../"

SPEC CHECKSUMS:
  McccNotify: 61e23770f5c0fa9f72b6ed3f8e4e03e10baffbe1
  SnapKit: d612e99e678a2d3b95bf60b0705ed0a35c03484a

PODFILE CHECKSUM: 31d3ca715cd388e9b42c44b3eebfde6e73428736

COCOAPODS: 1.16.2
